
Microsoft Visual Studio Solution File, Format Version 12.00
# Visual Studio 14
VisualStudioVersion = 14.0.24720.0
MinimumVisualStudioVersion = 10.0.40219.1
Project("{FAE04EC0-301F-11D3-BF4B-00C04F79EFBC}") = "Modelo", "Model\Modelo.csproj", "{78EA8119-FD12-44DD-BE45-B2EBEF85FDAB}"
EndProject
Project("{FAE04EC0-301F-11D3-BF4B-00C04F79EFBC}") = "Repositorio", "Repositorio\Repositorio.csproj", "{6C26BBDD-0847-487A-BCDE-B97CE7075D7F}"
EndProject
Project("{FAE04EC0-301F-11D3-BF4B-00C04F79EFBC}") = "Web", "Web\Web.csproj", "{AC56FF2F-C40C-4B86-BD28-31C0B27918B6}"
EndProject
Global
	GlobalSection(SolutionConfigurationPlatforms) = preSolution
		Debug|Any CPU = Debug|Any CPU
		Release|Any CPU = Release|Any CPU
	EndGlobalSection
	GlobalSection(ProjectConfigurationPlatforms) = postSolution
		{78EA8119-FD12-44DD-BE45-B2EBEF85FDAB}.Debug|Any CPU.ActiveCfg = Debug|Any CPU
		{78EA8119-FD12-44DD-BE45-B2EBEF85FDAB}.Debug|Any CPU.Build.0 = Debug|Any CPU
		{78EA8119-FD12-44DD-BE45-B2EBEF85FDAB}.Release|Any CPU.ActiveCfg = Release|Any CPU
		{78EA8119-FD12-44DD-BE45-B2EBEF85FDAB}.Release|Any CPU.Build.0 = Release|Any CPU
		{6C26BBDD-0847-487A-BCDE-B97CE7075D7F}.Debug|Any CPU.ActiveCfg = Debug|Any CPU
		{6C26BBDD-0847-487A-BCDE-B97CE7075D7F}.Debug|Any CPU.Build.0 = Debug|Any CPU
		{6C26BBDD-0847-487A-BCDE-B97CE7075D7F}.Release|Any CPU.ActiveCfg = Release|Any CPU
		{6C26BBDD-0847-487A-BCDE-B97CE7075D7F}.Release|Any CPU.Build.0 = Release|Any CPU
		{AC56FF2F-C40C-4B86-BD28-31C0B27918B6}.Debug|Any CPU.ActiveCfg = Debug|Any CPU
		{AC56FF2F-C40C-4B86-BD28-31C0B27918B6}.Debug|Any CPU.Build.0 = Debug|Any CPU
		{AC56FF2F-C40C-4B86-BD28-31C0B27918B6}.Release|Any CPU.ActiveCfg = Release|Any CPU
		{AC56FF2F-C40C-4B86-BD28-31C0B27918B6}.Release|Any CPU.Build.0 = Release|Any CPU
	EndGlobalSection
	GlobalSection(SolutionProperties) = preSolution
		HideSolutionNode = FALSE
	EndGlobalSection
EndGlobal
